// !$*UTF8*$!
{
	archiveVersion = 1;
	classes = {
	};
	objectVersion = 56;
	objects = {

/* Begin PBXBuildFile section */
		3A1EE3022A50A77200A79927 /* TagsView.swift in Sources */ = {isa = PBXBuildFile; fileRef = 3A1EE3012A50A77200A79927 /* TagsView.swift */; };
		3A1EE3042A50A7E100A79927 /* TagsViewViewModel.swift in Sources */ = {isa = PBXBuildFile; fileRef = 3A1EE3032A50A7E100A79927 /* TagsViewViewModel.swift */; };
		3A1EE30A2A515F1900A79927 /* CartDataService.swift in Sources */ = {isa = PBXBuildFile; fileRef = 3A1EE3092A515F1900A79927 /* CartDataService.swift */; };
		3A1EE30C2A515F7700A79927 /* CartItemDataModel.swift in Sources */ = {isa = PBXBuildFile; fileRef = 3A1EE30B2A515F7700A79927 /* CartItemDataModel.swift */; };
		3A7EEF432A4D68AC00929D2B /* DishesImageService.swift in Sources */ = {isa = PBXBuildFile; fileRef = 3A7EEF422A4D68AC00929D2B /* DishesImageService.swift */; };
		3A7EEF452A4D6AD600929D2B /* DishesImageView.swift in Sources */ = {isa = PBXBuildFile; fileRef = 3A7EEF442A4D6AD600929D2B /* DishesImageView.swift */; };
		3A7EEF472A4D6AEE00929D2B /* DishesImageViewViewModel.swift in Sources */ = {isa = PBXBuildFile; fileRef = 3A7EEF462A4D6AEE00929D2B /* DishesImageViewViewModel.swift */; };
		3A7EEF492A4DB23500929D2B /* DishesHeaderView.swift in Sources */ = {isa = PBXBuildFile; fileRef = 3A7EEF482A4DB23500929D2B /* DishesHeaderView.swift */; };
		3A7EEF4B2A4DB29B00929D2B /* DishesHeaderViewViewModel.swift in Sources */ = {isa = PBXBuildFile; fileRef = 3A7EEF4A2A4DB29B00929D2B /* DishesHeaderViewViewModel.swift */; };
		3A7EEF4D2A4DE9D200929D2B /* DetailsView.swift in Sources */ = {isa = PBXBuildFile; fileRef = 3A7EEF4C2A4DE9D200929D2B /* DetailsView.swift */; };
		3A7EEF512A4DECE600929D2B /* ViewControllerHolder.swift in Sources */ = {isa = PBXBuildFile; fileRef = 3A7EEF502A4DECE600929D2B /* ViewControllerHolder.swift */; };
		3AAC35BE2A4B374D0060395E /* MarketAppApp.swift in Sources */ = {isa = PBXBuildFile; fileRef = 3AAC35BD2A4B374D0060395E /* MarketAppApp.swift */; };
		3AAC35C22A4B374F0060395E /* Assets.xcassets in Resources */ = {isa = PBXBuildFile; fileRef = 3AAC35C12A4B374F0060395E /* Assets.xcassets */; };
		3AAC35C52A4B374F0060395E /* Preview Assets.xcassets in Resources */ = {isa = PBXBuildFile; fileRef = 3AAC35C42A4B374F0060395E /* Preview Assets.xcassets */; };
		3AAC35CD2A4B41B10060395E /* MainTabView.swift in Sources */ = {isa = PBXBuildFile; fileRef = 3AAC35CC2A4B41B10060395E /* MainTabView.swift */; };
		3AAC35CF2A4B47BE0060395E /* MainView.swift in Sources */ = {isa = PBXBuildFile; fileRef = 3AAC35CE2A4B47BE0060395E /* MainView.swift */; };
		3AAC35D32A4B47DC0060395E /* CartView.swift in Sources */ = {isa = PBXBuildFile; fileRef = 3AAC35D22A4B47DC0060395E /* CartView.swift */; };
		3AAC35D72A4B48CB0060395E /* BlueButton.swift in Sources */ = {isa = PBXBuildFile; fileRef = 3AAC35D62A4B48CB0060395E /* BlueButton.swift */; };
		3AAC35D92A4B4B7A0060395E /* MainHeaderView.swift in Sources */ = {isa = PBXBuildFile; fileRef = 3AAC35D82A4B4B7A0060395E /* MainHeaderView.swift */; };
		3AAC35E02A4B54BF0060395E /* LocationManager.swift in Sources */ = {isa = PBXBuildFile; fileRef = 3AAC35DF2A4B54BF0060395E /* LocationManager.swift */; };
		3AAC35E22A4B621A0060395E /* MainHeaderViewViewModel.swift in Sources */ = {isa = PBXBuildFile; fileRef = 3AAC35E12A4B621A0060395E /* MainHeaderViewViewModel.swift */; };
		3AAC35E42A4C00D90060395E /* CategoriesDataModel.swift in Sources */ = {isa = PBXBuildFile; fileRef = 3AAC35E32A4C00D90060395E /* CategoriesDataModel.swift */; };
		3AAC35E82A4C09B60060395E /* CategoryImageViewViewModel.swift in Sources */ = {isa = PBXBuildFile; fileRef = 3AAC35E72A4C09B60060395E /* CategoryImageViewViewModel.swift */; };
		3AAC35EA2A4C183D0060395E /* MainViewViewModel.swift in Sources */ = {isa = PBXBuildFile; fileRef = 3AAC35E92A4C183D0060395E /* MainViewViewModel.swift */; };
		3AAC35ED2A4C1B830060395E /* CategoryDataService.swift in Sources */ = {isa = PBXBuildFile; fileRef = 3AAC35EC2A4C1B820060395E /* CategoryDataService.swift */; };
		3AAC35EF2A4C28170060395E /* NetworkingManager.swift in Sources */ = {isa = PBXBuildFile; fileRef = 3AAC35EE2A4C28170060395E /* NetworkingManager.swift */; };
		3AAC35F12A4C43FD0060395E /* CategoryImageView.swift in Sources */ = {isa = PBXBuildFile; fileRef = 3AAC35F02A4C43FD0060395E /* CategoryImageView.swift */; };
		3AAC35F32A4C4C6E0060395E /* CategoryImageService.swift in Sources */ = {isa = PBXBuildFile; fileRef = 3AAC35F22A4C4C6E0060395E /* CategoryImageService.swift */; };
		3AAC35F82A4C9AB30060395E /* DishesDataModel.swift in Sources */ = {isa = PBXBuildFile; fileRef = 3AAC35F72A4C9AB30060395E /* DishesDataModel.swift */; };
		3AAC35FA2A4C9D090060395E /* DishesView.swift in Sources */ = {isa = PBXBuildFile; fileRef = 3AAC35F92A4C9D090060395E /* DishesView.swift */; };
		3AAC35FD2A4C9F200060395E /* DishesViewViewModel.swift in Sources */ = {isa = PBXBuildFile; fileRef = 3AAC35FC2A4C9F200060395E /* DishesViewViewModel.swift */; };
		3AAC35FF2A4CA6AC0060395E /* DishesDataService.swift in Sources */ = {isa = PBXBuildFile; fileRef = 3AAC35FE2A4CA6AB0060395E /* DishesDataService.swift */; };
/* End PBXBuildFile section */

/* Begin PBXFileReference section */
		3A1EE3012A50A77200A79927 /* TagsView.swift */ = {isa = PBXFileReference; lastKnownFileType = sourcecode.swift; path = TagsView.swift; sourceTree = "<group>"; };
		3A1EE3032A50A7E100A79927 /* TagsViewViewModel.swift */ = {isa = PBXFileReference; lastKnownFileType = sourcecode.swift; path = TagsViewViewModel.swift; sourceTree = "<group>"; };
		3A1EE3092A515F1900A79927 /* CartDataService.swift */ = {isa = PBXFileReference; lastKnownFileType = sourcecode.swift; path = CartDataService.swift; sourceTree = "<group>"; };
		3A1EE30B2A515F7700A79927 /* CartItemDataModel.swift */ = {isa = PBXFileReference; lastKnownFileType = sourcecode.swift; path = CartItemDataModel.swift; sourceTree = "<group>"; };
		3A7EEF422A4D68AC00929D2B /* DishesImageService.swift */ = {isa = PBXFileReference; lastKnownFileType = sourcecode.swift; path = DishesImageService.swift; sourceTree = "<group>"; };
		3A7EEF442A4D6AD600929D2B /* DishesImageView.swift */ = {isa = PBXFileReference; lastKnownFileType = sourcecode.swift; path = DishesImageView.swift; sourceTree = "<group>"; };
		3A7EEF462A4D6AEE00929D2B /* DishesImageViewViewModel.swift */ = {isa = PBXFileReference; lastKnownFileType = sourcecode.swift; path = DishesImageViewViewModel.swift; sourceTree = "<group>"; };
		3A7EEF482A4DB23500929D2B /* DishesHeaderView.swift */ = {isa = PBXFileReference; lastKnownFileType = sourcecode.swift; path = DishesHeaderView.swift; sourceTree = "<group>"; };
		3A7EEF4A2A4DB29B00929D2B /* DishesHeaderViewViewModel.swift */ = {isa = PBXFileReference; lastKnownFileType = sourcecode.swift; path = DishesHeaderViewViewModel.swift; sourceTree = "<group>"; };
		3A7EEF4C2A4DE9D200929D2B /* DetailsView.swift */ = {isa = PBXFileReference; lastKnownFileType = sourcecode.swift; path = DetailsView.swift; sourceTree = "<group>"; };
		3A7EEF502A4DECE600929D2B /* ViewControllerHolder.swift */ = {isa = PBXFileReference; lastKnownFileType = sourcecode.swift; path = ViewControllerHolder.swift; sourceTree = "<group>"; };
		3AAC35BA2A4B374D0060395E /* MarketApp.app */ = {isa = PBXFileReference; explicitFileType = wrapper.application; includeInIndex = 0; path = MarketApp.app; sourceTree = BUILT_PRODUCTS_DIR; };
		3AAC35BD2A4B374D0060395E /* MarketAppApp.swift */ = {isa = PBXFileReference; lastKnownFileType = sourcecode.swift; path = MarketAppApp.swift; sourceTree = "<group>"; };
		3AAC35C12A4B374F0060395E /* Assets.xcassets */ = {isa = PBXFileReference; lastKnownFileType = folder.assetcatalog; path = Assets.xcassets; sourceTree = "<group>"; };
		3AAC35C42A4B374F0060395E /* Preview Assets.xcassets */ = {isa = PBXFileReference; lastKnownFileType = folder.assetcatalog; path = "Preview Assets.xcassets"; sourceTree = "<group>"; };
		3AAC35CC2A4B41B10060395E /* MainTabView.swift */ = {isa = PBXFileReference; lastKnownFileType = sourcecode.swift; path = MainTabView.swift; sourceTree = "<group>"; };
		3AAC35CE2A4B47BE0060395E /* MainView.swift */ = {isa = PBXFileReference; lastKnownFileType = sourcecode.swift; path = MainView.swift; sourceTree = "<group>"; };
		3AAC35D22A4B47DC0060395E /* CartView.swift */ = {isa = PBXFileReference; lastKnownFileType = sourcecode.swift; path = CartView.swift; sourceTree = "<group>"; };
		3AAC35D62A4B48CB0060395E /* BlueButton.swift */ = {isa = PBXFileReference; lastKnownFileType = sourcecode.swift; path = BlueButton.swift; sourceTree = "<group>"; };
		3AAC35D82A4B4B7A0060395E /* MainHeaderView.swift */ = {isa = PBXFileReference; lastKnownFileType = sourcecode.swift; path = MainHeaderView.swift; sourceTree = "<group>"; };
		3AAC35DF2A4B54BF0060395E /* LocationManager.swift */ = {isa = PBXFileReference; lastKnownFileType = sourcecode.swift; path = LocationManager.swift; sourceTree = "<group>"; };
		3AAC35E12A4B621A0060395E /* MainHeaderViewViewModel.swift */ = {isa = PBXFileReference; lastKnownFileType = sourcecode.swift; path = MainHeaderViewViewModel.swift; sourceTree = "<group>"; };
		3AAC35E32A4C00D90060395E /* CategoriesDataModel.swift */ = {isa = PBXFileReference; lastKnownFileType = sourcecode.swift; path = CategoriesDataModel.swift; sourceTree = "<group>"; };
		3AAC35E72A4C09B60060395E /* CategoryImageViewViewModel.swift */ = {isa = PBXFileReference; lastKnownFileType = sourcecode.swift; path = CategoryImageViewViewModel.swift; sourceTree = "<group>"; };
		3AAC35E92A4C183D0060395E /* MainViewViewModel.swift */ = {isa = PBXFileReference; lastKnownFileType = sourcecode.swift; path = MainViewViewModel.swift; sourceTree = "<group>"; };
		3AAC35EC2A4C1B820060395E /* CategoryDataService.swift */ = {isa = PBXFileReference; lastKnownFileType = sourcecode.swift; path = CategoryDataService.swift; sourceTree = "<group>"; };
		3AAC35EE2A4C28170060395E /* NetworkingManager.swift */ = {isa = PBXFileReference; lastKnownFileType = sourcecode.swift; path = NetworkingManager.swift; sourceTree = "<group>"; };
		3AAC35F02A4C43FD0060395E /* CategoryImageView.swift */ = {isa = PBXFileReference; lastKnownFileType = sourcecode.swift; path = CategoryImageView.swift; sourceTree = "<group>"; };
		3AAC35F22A4C4C6E0060395E /* CategoryImageService.swift */ = {isa = PBXFileReference; lastKnownFileType = sourcecode.swift; path = CategoryImageService.swift; sourceTree = "<group>"; };
		3AAC35F72A4C9AB30060395E /* DishesDataModel.swift */ = {isa = PBXFileReference; lastKnownFileType = sourcecode.swift; path = DishesDataModel.swift; sourceTree = "<group>"; };
		3AAC35F92A4C9D090060395E /* DishesView.swift */ = {isa = PBXFileReference; lastKnownFileType = sourcecode.swift; path = DishesView.swift; sourceTree = "<group>"; };
		3AAC35FC2A4C9F200060395E /* DishesViewViewModel.swift */ = {isa = PBXFileReference; lastKnownFileType = sourcecode.swift; path = DishesViewViewModel.swift; sourceTree = "<group>"; };
		3AAC35FE2A4CA6AB0060395E /* DishesDataService.swift */ = {isa = PBXFileReference; lastKnownFileType = sourcecode.swift; path = DishesDataService.swift; sourceTree = "<group>"; };
/* End PBXFileReference section */

/* Begin PBXFrameworksBuildPhase section */
		3AAC35B72A4B374D0060395E /* Frameworks */ = {
			isa = PBXFrameworksBuildPhase;
			buildActionMask = 2147483647;
			files = (
			);
			runOnlyForDeploymentPostprocessing = 0;
		};
/* End PBXFrameworksBuildPhase section */

/* Begin PBXGroup section */
		3AAC35B12A4B374D0060395E = {
			isa = PBXGroup;
			children = (
				3AAC35BC2A4B374D0060395E /* MarketApp */,
				3AAC35BB2A4B374D0060395E /* Products */,
			);
			sourceTree = "<group>";
		};
		3AAC35BB2A4B374D0060395E /* Products */ = {
			isa = PBXGroup;
			children = (
				3AAC35BA2A4B374D0060395E /* MarketApp.app */,
			);
			name = Products;
			sourceTree = "<group>";
		};
		3AAC35BC2A4B374D0060395E /* MarketApp */ = {
			isa = PBXGroup;
			children = (
				3AAC35CC2A4B41B10060395E /* MainTabView.swift */,
				3AAC35BD2A4B374D0060395E /* MarketAppApp.swift */,
				3AAC35EB2A4C1B3D0060395E /* Services */,
				3AAC35DE2A4B548A0060395E /* Managers */,
				3AAC35DA2A4B4D1B0060395E /* Models */,
				3AAC35CB2A4B381B0060395E /* Views */,
				3AAC35FB2A4C9D2D0060395E /* ViewModels */,
				3AAC35C32A4B374F0060395E /* Preview Content */,
				3AAC35C12A4B374F0060395E /* Assets.xcassets */,
			);
			path = MarketApp;
			sourceTree = "<group>";
		};
		3AAC35C32A4B374F0060395E /* Preview Content */ = {
			isa = PBXGroup;
			children = (
				3AAC35C42A4B374F0060395E /* Preview Assets.xcassets */,
			);
			path = "Preview Content";
			sourceTree = "<group>";
		};
		3AAC35CB2A4B381B0060395E /* Views */ = {
			isa = PBXGroup;
			children = (
				3AAC35CE2A4B47BE0060395E /* MainView.swift */,
				3AAC35F92A4C9D090060395E /* DishesView.swift */,
				3A7EEF4C2A4DE9D200929D2B /* DetailsView.swift */,
				3AAC35D22A4B47DC0060395E /* CartView.swift */,
				3AAC35DD2A4B50E80060395E /* Components */,
			);
			path = Views;
			sourceTree = "<group>";
		};
		3AAC35DA2A4B4D1B0060395E /* Models */ = {
			isa = PBXGroup;
			children = (
				3AAC35E32A4C00D90060395E /* CategoriesDataModel.swift */,
				3AAC35F72A4C9AB30060395E /* DishesDataModel.swift */,
				3A1EE30B2A515F7700A79927 /* CartItemDataModel.swift */,
			);
			path = Models;
			sourceTree = "<group>";
		};
		3AAC35DD2A4B50E80060395E /* Components */ = {
			isa = PBXGroup;
			children = (
				3A7EEF502A4DECE600929D2B /* ViewControllerHolder.swift */,
				3AAC35D62A4B48CB0060395E /* BlueButton.swift */,
				3AAC35D82A4B4B7A0060395E /* MainHeaderView.swift */,
				3A7EEF482A4DB23500929D2B /* DishesHeaderView.swift */,
				3AAC35F02A4C43FD0060395E /* CategoryImageView.swift */,
				3A7EEF442A4D6AD600929D2B /* DishesImageView.swift */,
				3A1EE3012A50A77200A79927 /* TagsView.swift */,
			);
			path = Components;
			sourceTree = "<group>";
		};
		3AAC35DE2A4B548A0060395E /* Managers */ = {
			isa = PBXGroup;
			children = (
				3AAC35DF2A4B54BF0060395E /* LocationManager.swift */,
				3AAC35EE2A4C28170060395E /* NetworkingManager.swift */,
			);
			path = Managers;
			sourceTree = "<group>";
		};
		3AAC35EB2A4C1B3D0060395E /* Services */ = {
			isa = PBXGroup;
			children = (
				3AAC35EC2A4C1B820060395E /* CategoryDataService.swift */,
				3AAC35F22A4C4C6E0060395E /* CategoryImageService.swift */,
				3AAC35FE2A4CA6AB0060395E /* DishesDataService.swift */,
				3A7EEF422A4D68AC00929D2B /* DishesImageService.swift */,
				3A1EE3092A515F1900A79927 /* CartDataService.swift */,
			);
			path = Services;
			sourceTree = "<group>";
		};
		3AAC35FB2A4C9D2D0060395E /* ViewModels */ = {
			isa = PBXGroup;
			children = (
				3AAC35E12A4B621A0060395E /* MainHeaderViewViewModel.swift */,
				3AAC35E92A4C183D0060395E /* MainViewViewModel.swift */,
				3AAC35FC2A4C9F200060395E /* DishesViewViewModel.swift */,
				3AAC35E72A4C09B60060395E /* CategoryImageViewViewModel.swift */,
				3A7EEF462A4D6AEE00929D2B /* DishesImageViewViewModel.swift */,
				3A7EEF4A2A4DB29B00929D2B /* DishesHeaderViewViewModel.swift */,
				3A1EE3032A50A7E100A79927 /* TagsViewViewModel.swift */,
			);
			path = ViewModels;
			sourceTree = "<group>";
		};
/* End PBXGroup section */

/* Begin PBXNativeTarget section */
		3AAC35B92A4B374D0060395E /* MarketApp */ = {
			isa = PBXNativeTarget;
			buildConfigurationList = 3AAC35C82A4B374F0060395E /* Build configuration list for PBXNativeTarget "MarketApp" */;
			buildPhases = (
				3AAC35B62A4B374D0060395E /* Sources */,
				3AAC35B72A4B374D0060395E /* Frameworks */,
				3AAC35B82A4B374D0060395E /* Resources */,
			);
			buildRules = (
			);
			dependencies = (
			);
			name = MarketApp;
			productName = MarketApp;
			productReference = 3AAC35BA2A4B374D0060395E /* MarketApp.app */;
			productType = "com.apple.product-type.application";
		};
/* End PBXNativeTarget section */

/* Begin PBXProject section */
		3AAC35B22A4B374D0060395E /* Project object */ = {
			isa = PBXProject;
			attributes = {
				BuildIndependentTargetsInParallel = 1;
				LastSwiftUpdateCheck = 1430;
				LastUpgradeCheck = 1430;
				TargetAttributes = {
					3AAC35B92A4B374D0060395E = {
						CreatedOnToolsVersion = 14.3.1;
					};
				};
			};
			buildConfigurationList = 3AAC35B52A4B374D0060395E /* Build configuration list for PBXProject "MarketApp" */;
			compatibilityVersion = "Xcode 14.0";
			developmentRegion = en;
			hasScannedForEncodings = 0;
			knownRegions = (
				en,
				Base,
			);
			mainGroup = 3AAC35B12A4B374D0060395E;
			productRefGroup = 3AAC35BB2A4B374D0060395E /* Products */;
			projectDirPath = "";
			projectRoot = "";
			targets = (
				3AAC35B92A4B374D0060395E /* MarketApp */,
			);
		};
/* End PBXProject section */

/* Begin PBXResourcesBuildPhase section */
		3AAC35B82A4B374D0060395E /* Resources */ = {
			isa = PBXResourcesBuildPhase;
			buildActionMask = 2147483647;
			files = (
				3AAC35C52A4B374F0060395E /* Preview Assets.xcassets in Resources */,
				3AAC35C22A4B374F0060395E /* Assets.xcassets in Resources */,
			);
			runOnlyForDeploymentPostprocessing = 0;
		};
/* End PBXResourcesBuildPhase section */

/* Begin PBXSourcesBuildPhase section */
		3AAC35B62A4B374D0060395E /* Sources */ = {
			isa = PBXSourcesBuildPhase;
			buildActionMask = 2147483647;
			files = (
				3AAC35D92A4B4B7A0060395E /* MainHeaderView.swift in Sources */,
				3AAC35E82A4C09B60060395E /* CategoryImageViewViewModel.swift in Sources */,
				3A7EEF4B2A4DB29B00929D2B /* DishesHeaderViewViewModel.swift in Sources */,
				3AAC35FF2A4CA6AC0060395E /* DishesDataService.swift in Sources */,
				3A1EE3042A50A7E100A79927 /* TagsViewViewModel.swift in Sources */,
				3AAC35EA2A4C183D0060395E /* MainViewViewModel.swift in Sources */,
				3A1EE30A2A515F1900A79927 /* CartDataService.swift in Sources */,
				3A1EE30C2A515F7700A79927 /* CartItemDataModel.swift in Sources */,
				3AAC35D72A4B48CB0060395E /* BlueButton.swift in Sources */,
				3AAC35FA2A4C9D090060395E /* DishesView.swift in Sources */,
				3AAC35E22A4B621A0060395E /* MainHeaderViewViewModel.swift in Sources */,
				3A1EE3022A50A77200A79927 /* TagsView.swift in Sources */,
				3AAC35F82A4C9AB30060395E /* DishesDataModel.swift in Sources */,
				3AAC35F12A4C43FD0060395E /* CategoryImageView.swift in Sources */,
				3AAC35EF2A4C28170060395E /* NetworkingManager.swift in Sources */,
				3A7EEF4D2A4DE9D200929D2B /* DetailsView.swift in Sources */,
				3A7EEF452A4D6AD600929D2B /* DishesImageView.swift in Sources */,
				3AAC35E02A4B54BF0060395E /* LocationManager.swift in Sources */,
				3AAC35CF2A4B47BE0060395E /* MainView.swift in Sources */,
				3AAC35FD2A4C9F200060395E /* DishesViewViewModel.swift in Sources */,
				3AAC35BE2A4B374D0060395E /* MarketAppApp.swift in Sources */,
				3AAC35D32A4B47DC0060395E /* CartView.swift in Sources */,
				3AAC35ED2A4C1B830060395E /* CategoryDataService.swift in Sources */,
				3A7EEF512A4DECE600929D2B /* ViewControllerHolder.swift in Sources */,
				3AAC35E42A4C00D90060395E /* CategoriesDataModel.swift in Sources */,
				3AAC35CD2A4B41B10060395E /* MainTabView.swift in Sources */,
				3A7EEF472A4D6AEE00929D2B /* DishesImageViewViewModel.swift in Sources */,
				3AAC35F32A4C4C6E0060395E /* CategoryImageService.swift in Sources */,
				3A7EEF492A4DB23500929D2B /* DishesHeaderView.swift in Sources */,
				3A7EEF432A4D68AC00929D2B /* DishesImageService.swift in Sources */,
			);
			runOnlyForDeploymentPostprocessing = 0;
		};
/* End PBXSourcesBuildPhase section */

/* Begin XCBuildConfiguration section */
		3AAC35C62A4B374F0060395E /* Debug */ = {
			isa = XCBuildConfiguration;
			buildSettings = {
				ALWAYS_SEARCH_USER_PATHS = NO;
				CLANG_ANALYZER_NONNULL = YES;
				CLANG_ANALYZER_NUMBER_OBJECT_CONVERSION = YES_AGGRESSIVE;
				CLANG_CXX_LANGUAGE_STANDARD = "gnu++20";
				CLANG_ENABLE_MODULES = YES;
				CLANG_ENABLE_OBJC_ARC = YES;
				CLANG_ENABLE_OBJC_WEAK = YES;
				CLANG_WARN_BLOCK_CAPTURE_AUTORELEASING = YES;
				CLANG_WARN_BOOL_CONVERSION = YES;
				CLANG_WARN_COMMA = YES;
				CLANG_WARN_CONSTANT_CONVERSION = YES;
				CLANG_WARN_DEPRECATED_OBJC_IMPLEMENTATIONS = YES;
				CLANG_WARN_DIRECT_OBJC_ISA_USAGE = YES_ERROR;
				CLANG_WARN_DOCUMENTATION_COMMENTS = YES;
				CLANG_WARN_EMPTY_BODY = YES;
				CLANG_WARN_ENUM_CONVERSION = YES;
				CLANG_WARN_INFINITE_RECURSION = YES;
				CLANG_WARN_INT_CONVERSION = YES;
				CLANG_WARN_NON_LITERAL_NULL_CONVERSION = YES;
				CLANG_WARN_OBJC_IMPLICIT_RETAIN_SELF = YES;
				CLANG_WARN_OBJC_LITERAL_CONVERSION = YES;
				CLANG_WARN_OBJC_ROOT_CLASS = YES_ERROR;
				CLANG_WARN_QUOTED_INCLUDE_IN_FRAMEWORK_HEADER = YES;
				CLANG_WARN_RANGE_LOOP_ANALYSIS = YES;
				CLANG_WARN_STRICT_PROTOTYPES = YES;
				CLANG_WARN_SUSPICIOUS_MOVE = YES;
				CLANG_WARN_UNGUARDED_AVAILABILITY = YES_AGGRESSIVE;
				CLANG_WARN_UNREACHABLE_CODE = YES;
				CLANG_WARN__DUPLICATE_METHOD_MATCH = YES;
				COPY_PHASE_STRIP = NO;
				DEBUG_INFORMATION_FORMAT = dwarf;
				ENABLE_STRICT_OBJC_MSGSEND = YES;
				ENABLE_TESTABILITY = YES;
				GCC_C_LANGUAGE_STANDARD = gnu11;
				GCC_DYNAMIC_NO_PIC = NO;
				GCC_NO_COMMON_BLOCKS = YES;
				GCC_OPTIMIZATION_LEVEL = 0;
				GCC_PREPROCESSOR_DEFINITIONS = (
					"DEBUG=1",
					"$(inherited)",
				);
				GCC_WARN_64_TO_32_BIT_CONVERSION = YES;
				GCC_WARN_ABOUT_RETURN_TYPE = YES_ERROR;
				GCC_WARN_UNDECLARED_SELECTOR = YES;
				GCC_WARN_UNINITIALIZED_AUTOS = YES_AGGRESSIVE;
				GCC_WARN_UNUSED_FUNCTION = YES;
				GCC_WARN_UNUSED_VARIABLE = YES;
				IPHONEOS_DEPLOYMENT_TARGET = 16.4;
				MTL_ENABLE_DEBUG_INFO = INCLUDE_SOURCE;
				MTL_FAST_MATH = YES;
				ONLY_ACTIVE_ARCH = YES;
				SDKROOT = iphoneos;
				SWIFT_ACTIVE_COMPILATION_CONDITIONS = DEBUG;
				SWIFT_OPTIMIZATION_LEVEL = "-Onone";
			};
			name = Debug;
		};
		3AAC35C72A4B374F0060395E /* Release */ = {
			isa = XCBuildConfiguration;
			buildSettings = {
				ALWAYS_SEARCH_USER_PATHS = NO;
				CLANG_ANALYZER_NONNULL = YES;
				CLANG_ANALYZER_NUMBER_OBJECT_CONVERSION = YES_AGGRESSIVE;
				CLANG_CXX_LANGUAGE_STANDARD = "gnu++20";
				CLANG_ENABLE_MODULES = YES;
				CLANG_ENABLE_OBJC_ARC = YES;
				CLANG_ENABLE_OBJC_WEAK = YES;
				CLANG_WARN_BLOCK_CAPTURE_AUTORELEASING = YES;
				CLANG_WARN_BOOL_CONVERSION = YES;
				CLANG_WARN_COMMA = YES;
				CLANG_WARN_CONSTANT_CONVERSION = YES;
				CLANG_WARN_DEPRECATED_OBJC_IMPLEMENTATIONS = YES;
				CLANG_WARN_DIRECT_OBJC_ISA_USAGE = YES_ERROR;
				CLANG_WARN_DOCUMENTATION_COMMENTS = YES;
				CLANG_WARN_EMPTY_BODY = YES;
				CLANG_WARN_ENUM_CONVERSION = YES;
				CLANG_WARN_INFINITE_RECURSION = YES;
				CLANG_WARN_INT_CONVERSION = YES;
				CLANG_WARN_NON_LITERAL_NULL_CONVERSION = YES;
				CLANG_WARN_OBJC_IMPLICIT_RETAIN_SELF = YES;
				CLANG_WARN_OBJC_LITERAL_CONVERSION = YES;
				CLANG_WARN_OBJC_ROOT_CLASS = YES_ERROR;
				CLANG_WARN_QUOTED_INCLUDE_IN_FRAMEWORK_HEADER = YES;
				CLANG_WARN_RANGE_LOOP_ANALYSIS = YES;
				CLANG_WARN_STRICT_PROTOTYPES = YES;
				CLANG_WARN_SUSPICIOUS_MOVE = YES;
				CLANG_WARN_UNGUARDED_AVAILABILITY = YES_AGGRESSIVE;
				CLANG_WARN_UNREACHABLE_CODE = YES;
				CLANG_WARN__DUPLICATE_METHOD_MATCH = YES;
				COPY_PHASE_STRIP = NO;
				DEBUG_INFORMATION_FORMAT = "dwarf-with-dsym";
				ENABLE_NS_ASSERTIONS = NO;
				ENABLE_STRICT_OBJC_MSGSEND = YES;
				GCC_C_LANGUAGE_STANDARD = gnu11;
				GCC_NO_COMMON_BLOCKS = YES;
				GCC_WARN_64_TO_32_BIT_CONVERSION = YES;
				GCC_WARN_ABOUT_RETURN_TYPE = YES_ERROR;
				GCC_WARN_UNDECLARED_SELECTOR = YES;
				GCC_WARN_UNINITIALIZED_AUTOS = YES_AGGRESSIVE;
				GCC_WARN_UNUSED_FUNCTION = YES;
				GCC_WARN_UNUSED_VARIABLE = YES;
				IPHONEOS_DEPLOYMENT_TARGET = 16.4;
				MTL_ENABLE_DEBUG_INFO = NO;
				MTL_FAST_MATH = YES;
				SDKROOT = iphoneos;
				SWIFT_COMPILATION_MODE = wholemodule;
				SWIFT_OPTIMIZATION_LEVEL = "-O";
				VALIDATE_PRODUCT = YES;
			};
			name = Release;
		};
		3AAC35C92A4B374F0060395E /* Debug */ = {
			isa = XCBuildConfiguration;
			buildSettings = {
				ASSETCATALOG_COMPILER_APPICON_NAME = AppIcon;
				ASSETCATALOG_COMPILER_GLOBAL_ACCENT_COLOR_NAME = AccentColor;
				CODE_SIGN_STYLE = Automatic;
				CURRENT_PROJECT_VERSION = 1;
				DEVELOPMENT_ASSET_PATHS = "\"MarketApp/Preview Content\"";
				DEVELOPMENT_TEAM = Q7K5JZ585U;
				ENABLE_PREVIEWS = YES;
				GENERATE_INFOPLIST_FILE = YES;
				INFOPLIST_KEY_NSLocationWhenInUseUsageDescription = "Please allow us to access your location";
				INFOPLIST_KEY_UIApplicationSceneManifest_Generation = YES;
				INFOPLIST_KEY_UIApplicationSupportsIndirectInputEvents = YES;
				INFOPLIST_KEY_UILaunchScreen_Generation = YES;
				INFOPLIST_KEY_UISupportedInterfaceOrientations = UIInterfaceOrientationPortrait;
				INFOPLIST_KEY_UISupportedInterfaceOrientations_iPad = "UIInterfaceOrientationPortrait UIInterfaceOrientationPortraitUpsideDown";
				IPHONEOS_DEPLOYMENT_TARGET = 16.0;
				LD_RUNPATH_SEARCH_PATHS = (
					"$(inherited)",
					"@executable_path/Frameworks",
				);
				MARKETING_VERSION = 1.0;
				PRODUCT_BUNDLE_IDENTIFIER = cosmograve.MarketApp;
				PRODUCT_NAME = "$(TARGET_NAME)";
				SWIFT_EMIT_LOC_STRINGS = YES;
				SWIFT_VERSION = 5.0;
				TARGETED_DEVICE_FAMILY = "1,2";
			};
			name = Debug;
		};
		3AAC35CA2A4B374F0060395E /* Release */ = {
			isa = XCBuildConfiguration;
			buildSettings = {
				ASSETCATALOG_COMPILER_APPICON_NAME = AppIcon;
				ASSETCATALOG_COMPILER_GLOBAL_ACCENT_COLOR_NAME = AccentColor;
				CODE_SIGN_STYLE = Automatic;
				CURRENT_PROJECT_VERSION = 1;
				DEVELOPMENT_ASSET_PATHS = "\"MarketApp/Preview Content\"";
				DEVELOPMENT_TEAM = Q7K5JZ585U;
				ENABLE_PREVIEWS = YES;
				GENERATE_INFOPLIST_FILE = YES;
				INFOPLIST_KEY_NSLocationWhenInUseUsageDescription = "Please allow us to access your location";
				INFOPLIST_KEY_UIApplicationSceneManifest_Generation = YES;
				INFOPLIST_KEY_UIApplicationSupportsIndirectInputEvents = YES;
				INFOPLIST_KEY_UILaunchScreen_Generation = YES;
				INFOPLIST_KEY_UISupportedInterfaceOrientations = UIInterfaceOrientationPortrait;
				INFOPLIST_KEY_UISupportedInterfaceOrientations_iPad = "UIInterfaceOrientationPortrait UIInterfaceOrientationPortraitUpsideDown";
				IPHONEOS_DEPLOYMENT_TARGET = 16.0;
				LD_RUNPATH_SEARCH_PATHS = (
					"$(inherited)",
					"@executable_path/Frameworks",
				);
				MARKETING_VERSION = 1.0;
				PRODUCT_BUNDLE_IDENTIFIER = cosmograve.MarketApp;
				PRODUCT_NAME = "$(TARGET_NAME)";
				SWIFT_EMIT_LOC_STRINGS = YES;
				SWIFT_VERSION = 5.0;
				TARGETED_DEVICE_FAMILY = "1,2";
			};
			name = Release;
		};
/* End XCBuildConfiguration section */

/* Begin XCConfigurationList section */
		3AAC35B52A4B374D0060395E /* Build configuration list for PBXProject "MarketApp" */ = {
			isa = XCConfigurationList;
			buildConfigurations = (
				3AAC35C62A4B374F0060395E /* Debug */,
				3AAC35C72A4B374F0060395E /* Release */,
			);
			defaultConfigurationIsVisible = 0;
			defaultConfigurationName = Release;
		};
		3AAC35C82A4B374F0060395E /* Build configuration list for PBXNativeTarget "MarketApp" */ = {
			isa = XCConfigurationList;
			buildConfigurations = (
				3AAC35C92A4B374F0060395E /* Debug */,
				3AAC35CA2A4B374F0060395E /* Release */,
			);
			defaultConfigurationIsVisible = 0;
			defaultConfigurationName = Release;
		};
/* End XCConfigurationList section */
	};
	rootObject = 3AAC35B22A4B374D0060395E /* Project object */;
}
